
Microsoft Visual Studio Solution File, Format Version 12.00
# Visual Studio Version 16
VisualStudioVersion = 16.0.30413.136
MinimumVisualStudioVersion = 10.0.40219.1
Project("{FAE04EC0-301F-11D3-BF4B-00C04F79EFBC}") = "ConsoleApp_Device", "ConsoleApp_Device\ConsoleApp_Device.csproj", "{C8BC6206-FB87-4A91-AAD7-10ACDCE3FD43}"
EndProject
Project("{FAE04EC0-301F-11D3-BF4B-00C04F79EFBC}") = "AzureFunction", "AzureFunction\AzureFunction.csproj", "{0CA31F08-3C36-4696-81B4-7FDF8A35B298}"
EndProject
Project("{FAE04EC0-301F-11D3-BF4B-00C04F79EFBC}") = "ClassLibrary", "ClassLibrary\ClassLibrary.csproj", "{0CAB3A36-4252-4BE1-B156-2459F23AA2D8}"
EndProject
Global
	GlobalSection(SolutionConfigurationPlatforms) = preSolution
		Debug|Any CPU = Debug|Any CPU
		Release|Any CPU = Release|Any CPU
	EndGlobalSection
	GlobalSection(ProjectConfigurationPlatforms) = postSolution
		{C8BC6206-FB87-4A91-AAD7-10ACDCE3FD43}.Debug|Any CPU.ActiveCfg = Debug|Any CPU
		{C8BC6206-FB87-4A91-AAD7-10ACDCE3FD43}.Debug|Any CPU.Build.0 = Debug|Any CPU
		{C8BC6206-FB87-4A91-AAD7-10ACDCE3FD43}.Release|Any CPU.ActiveCfg = Release|Any CPU
		{C8BC6206-FB87-4A91-AAD7-10ACDCE3FD43}.Release|Any CPU.Build.0 = Release|Any CPU
		{0CA31F08-3C36-4696-81B4-7FDF8A35B298}.Debug|Any CPU.ActiveCfg = Debug|Any CPU
		{0CA31F08-3C36-4696-81B4-7FDF8A35B298}.Debug|Any CPU.Build.0 = Debug|Any CPU
		{0CA31F08-3C36-4696-81B4-7FDF8A35B298}.Release|Any CPU.ActiveCfg = Release|Any CPU
		{0CA31F08-3C36-4696-81B4-7FDF8A35B298}.Release|Any CPU.Build.0 = Release|Any CPU
		{0CAB3A36-4252-4BE1-B156-2459F23AA2D8}.Debug|Any CPU.ActiveCfg = Debug|Any CPU
		{0CAB3A36-4252-4BE1-B156-2459F23AA2D8}.Debug|Any CPU.Build.0 = Debug|Any CPU
		{0CAB3A36-4252-4BE1-B156-2459F23AA2D8}.Release|Any CPU.ActiveCfg = Release|Any CPU
		{0CAB3A36-4252-4BE1-B156-2459F23AA2D8}.Release|Any CPU.Build.0 = Release|Any CPU
	EndGlobalSection
	GlobalSection(SolutionProperties) = preSolution
		HideSolutionNode = FALSE
	EndGlobalSection
	GlobalSection(ExtensibilityGlobals) = postSolution
		SolutionGuid = {9041DCB6-9AC7-4333-9868-E4434389E798}
	EndGlobalSection
EndGlobal
